<?xml version="1.0" encoding="utf-8"?>
<Project ToolsVersion="4.0" xmlns="http://schemas.microsoft.com/developer/msbuild/2003">
  <ItemGroup>
    <Filter Include="소스 파일">
      <UniqueIdentifier>{4FC737F1-C7A5-4376-A066-2A32D752A2FF}</UniqueIdentifier>
      <Extensions>cpp;c;cc;cxx;c++;cppm;ixx;def;odl;idl;hpj;bat;asm;asmx</Extensions>
    </Filter>
    <Filter Include="헤더 파일">
      <UniqueIdentifier>{93995380-89BD-4b04-88EB-625FBE52EBFB}</UniqueIdentifier>
      <Extensions>h;hh;hpp;hxx;h++;hm;inl;inc;ipp;xsd</Extensions>
    </Filter>
    <Filter Include="리소스 파일">
      <UniqueIdentifier>{67DA6AB6-F800-4c08-8B7A-83BB121AAD01}</UniqueIdentifier>
      <Extensions>rc;ico;cur;bmp;dlg;rc2;rct;bin;rgs;gif;jpg;jpeg;jpe;resx;tiff;tif;png;wav;mfcribbon-ms</Extensions>
    </Filter>
  </ItemGroup>
  <ItemGroup>
    <ClCompile Include="x64\01.입출력과 사칙연산\bj2588.cpp">
      <Filter>소스 파일</Filter>
    </ClCompile>
    <ClCompile Include="x64\01.입출력과 사칙연산\bj1008.cpp">
      <Filter>소스 파일</Filter>
    </ClCompile>
    <ClCompile Include="x64\01.입출력과 사칙연산\bj2557.cpp">
      <Filter>소스 파일</Filter>
    </ClCompile>
    <ClCompile Include="x64\01.입출력과 사칙연산\bj10171.cpp">
      <Filter>소스 파일</Filter>
    </ClCompile>
    <ClCompile Include="x64\01.입출력과 사칙연산\bj10998.cpp">
      <Filter>소스 파일</Filter>
    </ClCompile>
    <ClCompile Include="x64\01.입출력과 사칙연산\bj18108.cpp">
      <Filter>소스 파일</Filter>
    </ClCompile>
    <ClCompile Include="x64\02.조건\bj1330.cpp">
      <Filter>소스 파일</Filter>
    </ClCompile>
    <ClCompile Include="x64\02.조건\bj9498.cpp">
      <Filter>소스 파일</Filter>
    </ClCompile>
    <ClCompile Include="x64\02.조건\bj2753.cpp">
      <Filter>소스 파일</Filter>
    </ClCompile>
    <ClCompile Include="x64\02.조건\bj14681.cpp">
      <Filter>소스 파일</Filter>
    </ClCompile>
    <ClCompile Include="x64\02.조건\bj2884.cpp">
      <Filter>소스 파일</Filter>
    </ClCompile>
    <ClCompile Include="x64\02.조건\bj2525.cpp">
      <Filter>소스 파일</Filter>
    </ClCompile>
    <ClCompile Include="x64\02.조건\bj2480.cpp">
      <Filter>소스 파일</Filter>
    </ClCompile>
    <ClCompile Include="x64\03.반복문\bj25304.cpp">
      <Filter>소스 파일</Filter>
    </ClCompile>
    <ClCompile Include="x64\03.반복문\bj25314.cpp">
      <Filter>소스 파일</Filter>
    </ClCompile>
    <ClCompile Include="x64\03.반복문\bj15552.cpp">
      <Filter>소스 파일</Filter>
    </ClCompile>
    <ClCompile Include="x64\03.반복문\bj11021.cpp">
      <Filter>소스 파일</Filter>
    </ClCompile>
    <ClCompile Include="x64\03.반복문\bj11022.cpp">
      <Filter>소스 파일</Filter>
    </ClCompile>
    <ClCompile Include="x64\03.반복문\bj2439.cpp">
      <Filter>소스 파일</Filter>
    </ClCompile>
    <ClCompile Include="x64\03.반복문\bj10952.cpp">
      <Filter>소스 파일</Filter>
    </ClCompile>
    <ClCompile Include="x64\03.반복문\bj10951_.cpp">
      <Filter>소스 파일</Filter>
    </ClCompile>
    <ClCompile Include="x64\04.1차원 배열\bj2562.cpp">
      <Filter>소스 파일</Filter>
    </ClCompile>
    <ClCompile Include="x64\04.1차원 배열\bj2562_2.cpp">
      <Filter>소스 파일</Filter>
    </ClCompile>
    <ClCompile Include="x64\04.1차원 배열\bj3052.cpp">
      <Filter>소스 파일</Filter>
    </ClCompile>
    <ClCompile Include="x64\04.1차원 배열\bj5597.cpp">
      <Filter>소스 파일</Filter>
    </ClCompile>
    <ClCompile Include="x64\04.1차원 배열\bj10807.cpp">
      <Filter>소스 파일</Filter>
    </ClCompile>
    <ClCompile Include="x64\04.1차원 배열\bj10810.cpp">
      <Filter>소스 파일</Filter>
    </ClCompile>
    <ClCompile Include="x64\04.1차원 배열\bj10813.cpp">
      <Filter>소스 파일</Filter>
    </ClCompile>
    <ClCompile Include="x64\04.1차원 배열\bj10818.cpp">
      <Filter>소스 파일</Filter>
    </ClCompile>
    <ClCompile Include="x64\04.1차원 배열\bj18071.cpp">
      <Filter>소스 파일</Filter>
    </ClCompile>
    <ClCompile Include="x64\04.1차원 배열\bj18071_2.cpp">
      <Filter>소스 파일</Filter>
    </ClCompile>
    <ClCompile Include="x64\04.1차원 배열\bj10811.cpp">
      <Filter>소스 파일</Filter>
    </ClCompile>
    <ClCompile Include="x64\04.1차원 배열\bj1546.cpp">
      <Filter>소스 파일</Filter>
    </ClCompile>
    <ClCompile Include="x64\05.문자열\bj27866.cpp">
      <Filter>소스 파일</Filter>
    </ClCompile>
    <ClCompile Include="x64\05.문자열\bj2743.cpp">
      <Filter>소스 파일</Filter>
    </ClCompile>
    <ClCompile Include="x64\05.문자열\bj9086.cpp">
      <Filter>소스 파일</Filter>
    </ClCompile>
    <ClCompile Include="x64\05.문자열\bj11654.cpp">
      <Filter>소스 파일</Filter>
    </ClCompile>
    <ClCompile Include="x64\05.문자열\bj11720.cpp">
      <Filter>소스 파일</Filter>
    </ClCompile>
    <ClCompile Include="x64\05.문자열\bj10809.cpp">
      <Filter>소스 파일</Filter>
    </ClCompile>
    <ClCompile Include="x64\05.문자열\bj2675.cpp">
      <Filter>소스 파일</Filter>
    </ClCompile>
    <ClCompile Include="x64\05.문자열\bj1152.cpp">
      <Filter>소스 파일</Filter>
    </ClCompile>
    <ClCompile Include="x64\05.문자열\bj11718.cpp">
      <Filter>소스 파일</Filter>
    </ClCompile>
    <ClCompile Include="x64\05.문자열\bj2908.cpp">
      <Filter>소스 파일</Filter>
    </ClCompile>
    <ClCompile Include="x64\05.문자열\bj5622.cpp">
      <Filter>소스 파일</Filter>
    </ClCompile>
    <ClCompile Include="x64\06.심화 1\bj25083.cpp">
      <Filter>소스 파일</Filter>
    </ClCompile>
    <ClCompile Include="x64\06.심화 1\bj3003.cpp">
      <Filter>소스 파일</Filter>
    </ClCompile>
    <ClCompile Include="x64\06.심화 1\bj1316.cpp">
      <Filter>소스 파일</Filter>
    </ClCompile>
    <ClCompile Include="x64\06.심화 1\bj1316-2.cpp">
      <Filter>소스 파일</Filter>
    </ClCompile>
    <ClCompile Include="x64\06.심화 1\bj25206.cpp">
      <Filter>소스 파일</Filter>
    </ClCompile>
    <ClCompile Include="x64\07. 2차원 배열\bj2566.cpp">
      <Filter>소스 파일</Filter>
    </ClCompile>
    <ClCompile Include="x64\07. 2차원 배열\bj2738.cpp">
      <Filter>소스 파일</Filter>
    </ClCompile>
    <ClCompile Include="x64\07. 2차원 배열\bj10798.cpp">
      <Filter>소스 파일</Filter>
    </ClCompile>
    <ClCompile Include="x64\07. 2차원 배열\bj2563.cpp">
      <Filter>소스 파일</Filter>
    </ClCompile>
    <ClCompile Include="x64\08. 일반 수학 1\bj2745.cpp">
      <Filter>소스 파일</Filter>
    </ClCompile>
    <ClCompile Include="x64\08. 일반 수학 1\bj11005.cpp">
      <Filter>소스 파일</Filter>
    </ClCompile>
    <ClCompile Include="x64\08. 일반 수학 1\bj1193.cpp">
      <Filter>소스 파일</Filter>
    </ClCompile>
    <ClCompile Include="x64\08. 일반 수학 1\bj2869.cpp">
      <Filter>소스 파일</Filter>
    </ClCompile>
    <ClCompile Include="x64\22. 백트래킹\bj2580.cpp">
      <Filter>소스 파일</Filter>
    </ClCompile>
    <ClCompile Include="x64\09. 약수, 배수와 소수\bj5086.cpp">
      <Filter>소스 파일</Filter>
    </ClCompile>
    <ClCompile Include="x64\09. 약수, 배수와 소수\bj2501.cpp">
      <Filter>소스 파일</Filter>
    </ClCompile>
    <ClCompile Include="x64\09. 약수, 배수와 소수\bj9506.cpp">
      <Filter>소스 파일</Filter>
    </ClCompile>
    <ClCompile Include="x64\09. 약수, 배수와 소수\bj1978.cpp">
      <Filter>소스 파일</Filter>
    </ClCompile>
    <ClCompile Include="x64\09. 약수, 배수와 소수\bj2581.cpp">
      <Filter>소스 파일</Filter>
    </ClCompile>
    <ClCompile Include="x64\09. 약수, 배수와 소수\bj11653.cpp">
      <Filter>소스 파일</Filter>
    </ClCompile>
    <ClCompile Include="x64\10. 기하. 직사각형과 삼각형\bj27323.cpp">
      <Filter>소스 파일</Filter>
    </ClCompile>
    <ClCompile Include="x64\10. 기하. 직사각형과 삼각형\bj1085.cpp">
      <Filter>소스 파일</Filter>
    </ClCompile>
    <ClCompile Include="x64\10. 기하. 직사각형과 삼각형\bj3009.cpp">
      <Filter>소스 파일</Filter>
    </ClCompile>
    <ClCompile Include="x64\10. 기하. 직사각형과 삼각형\bj15894.cpp">
      <Filter>소스 파일</Filter>
    </ClCompile>
    <ClCompile Include="x64\10. 기하. 직사각형과 삼각형\bj9063.cpp">
      <Filter>소스 파일</Filter>
    </ClCompile>
    <ClCompile Include="x64\10. 기하. 직사각형과 삼각형\bj10101.cpp">
      <Filter>소스 파일</Filter>
    </ClCompile>
    <ClCompile Include="x64\11. 시간 복잡도\bj24313.cpp">
      <Filter>소스 파일</Filter>
    </ClCompile>
    <ClCompile Include="x64\12. 브루트 포스\bj2798.cpp">
      <Filter>소스 파일</Filter>
    </ClCompile>
    <ClCompile Include="x64\12. 브루트 포스\bj2231.cpp">
      <Filter>소스 파일</Filter>
    </ClCompile>
    <ClCompile Include="x64\12. 브루트 포스\bj19532.cpp">
      <Filter>소스 파일</Filter>
    </ClCompile>
    <ClCompile Include="x64\12. 브루트 포스\bj1018.cpp">
      <Filter>소스 파일</Filter>
    </ClCompile>
    <ClCompile Include="x64\12. 브루트 포스\bj1436.cpp">
      <Filter>소스 파일</Filter>
    </ClCompile>
    <ClCompile Include="x64\12. 브루트 포스\bj2839.cpp">
      <Filter>소스 파일</Filter>
    </ClCompile>
    <ClCompile Include="x64\13. 정렬\bj2750.cpp">
      <Filter>소스 파일</Filter>
    </ClCompile>
    <ClCompile Include="x64\13. 정렬\bj2587.cpp">
      <Filter>소스 파일</Filter>
    </ClCompile>
    <ClCompile Include="x64\13. 정렬\bj25305.cpp">
      <Filter>소스 파일</Filter>
    </ClCompile>
    <ClCompile Include="x64\13. 정렬\bj2751.cpp">
      <Filter>소스 파일</Filter>
    </ClCompile>
    <ClCompile Include="x64\13. 정렬\bj10989.cpp">
      <Filter>소스 파일</Filter>
    </ClCompile>
    <ClCompile Include="x64\13. 정렬\bj1427.cpp">
      <Filter>소스 파일</Filter>
    </ClCompile>
    <ClCompile Include="x64\13. 정렬\bj11650.cpp">
      <Filter>소스 파일</Filter>
    </ClCompile>
    <ClCompile Include="x64\13. 정렬\bj11651.cpp">
      <Filter>소스 파일</Filter>
    </ClCompile>
    <ClCompile Include="x64\13. 정렬\bj1181.cpp">
      <Filter>소스 파일</Filter>
    </ClCompile>
    <ClCompile Include="x64\13. 정렬\bj10814.cpp">
      <Filter>소스 파일</Filter>
    </ClCompile>
    <ClCompile Include="x64\13. 정렬\bj18870.cpp">
      <Filter>소스 파일</Filter>
    </ClCompile>
    <ClCompile Include="x64\guitar\bj1067.cpp">
      <Filter>소스 파일</Filter>
    </ClCompile>
    <ClCompile Include="x64\14. 집합과 맵\bj1620.cpp">
      <Filter>소스 파일</Filter>
    </ClCompile>
    <ClCompile Include="x64\14. 집합과 맵\bj7785.cpp">
      <Filter>소스 파일</Filter>
    </ClCompile>
    <ClCompile Include="x64\14. 집합과 맵\bj7785-2.cpp">
      <Filter>소스 파일</Filter>
    </ClCompile>
    <ClCompile Include="x64\14. 집합과 맵\bj10815.cpp">
      <Filter>소스 파일</Filter>
    </ClCompile>
    <ClCompile Include="x64\14. 집합과 맵\bj14425.cpp">
      <Filter>소스 파일</Filter>
    </ClCompile>
    <ClCompile Include="x64\14. 집합과 맵\bj10816.cpp">
      <Filter>소스 파일</Filter>
    </ClCompile>
    <ClCompile Include="x64\14. 집합과 맵\bj1764.cpp">
      <Filter>소스 파일</Filter>
    </ClCompile>
    <ClCompile Include="x64\14. 집합과 맵\bj1269.cpp">
      <Filter>소스 파일</Filter>
    </ClCompile>
    <ClCompile Include="x64\14. 집합과 맵\bj11478.cpp">
      <Filter>소스 파일</Filter>
    </ClCompile>
    <ClCompile Include="x64\guitar\bj1011.cpp">
      <Filter>소스 파일</Filter>
    </ClCompile>
    <ClCompile Include="x64\guitar\bj1011-2.cpp">
      <Filter>소스 파일</Filter>
    </ClCompile>
    <ClCompile Include="x64\14. 집합과 맵\bj7785-3.cpp">
      <Filter>소스 파일</Filter>
    </ClCompile>
    <ClCompile Include="x64\15. 약수, 배수와 소수 2\bj1934.cpp">
      <Filter>소스 파일</Filter>
    </ClCompile>
    <ClCompile Include="x64\15. 약수, 배수와 소수 2\bj13241.cpp">
      <Filter>소스 파일</Filter>
    </ClCompile>
    <ClCompile Include="x64\15. 약수, 배수와 소수 2\bj1735.cpp">
      <Filter>소스 파일</Filter>
    </ClCompile>
    <ClCompile Include="x64\15. 약수, 배수와 소수 2\bj2485.cpp">
      <Filter>소스 파일</Filter>
    </ClCompile>
    <ClCompile Include="x64\15. 약수, 배수와 소수 2\bj4134.cpp">
      <Filter>소스 파일</Filter>
    </ClCompile>
    <ClCompile Include="x64\15. 약수, 배수와 소수 2\bj1929.cpp">
      <Filter>소스 파일</Filter>
    </ClCompile>
    <ClCompile Include="x64\15. 약수, 배수와 소수 2\bj4948.cpp">
      <Filter>소스 파일</Filter>
    </ClCompile>
    <ClCompile Include="x64\15. 약수, 배수와 소수 2\bj17103.cpp">
      <Filter>소스 파일</Filter>
    </ClCompile>
    <ClCompile Include="x64\15. 약수, 배수와 소수 2\bj13909.cpp">
      <Filter>소스 파일</Filter>
    </ClCompile>
    <ClCompile Include="x64\15. 약수, 배수와 소수 2\bj17103-2.cpp">
      <Filter>소스 파일</Filter>
    </ClCompile>
    <ClCompile Include="x64\16. 스택, 큐, 덱\bj28278.cpp">
      <Filter>소스 파일</Filter>
    </ClCompile>
    <ClCompile Include="x64\16. 스택, 큐, 덱\bj10773.cpp">
      <Filter>소스 파일</Filter>
    </ClCompile>
    <ClCompile Include="x64\16. 스택, 큐, 덱\bj4949.cpp">
      <Filter>소스 파일</Filter>
    </ClCompile>
    <ClCompile Include="x64\16. 스택, 큐, 덱\bj12789.cpp">
      <Filter>소스 파일</Filter>
    </ClCompile>
    <ClCompile Include="x64\16. 스택, 큐, 덱\bj28279.cpp">
      <Filter>소스 파일</Filter>
    </ClCompile>
    <ClCompile Include="x64\16. 스택, 큐, 덱\bj2346.cpp">
      <Filter>소스 파일</Filter>
    </ClCompile>
    <ClCompile Include="x64\16. 스택, 큐, 덱\bj11866.cpp">
      <Filter>소스 파일</Filter>
    </ClCompile>
    <ClCompile Include="x64\16. 스택, 큐, 덱\bj18258.cpp">
      <Filter>소스 파일</Filter>
    </ClCompile>
    <ClCompile Include="x64\16. 스택, 큐, 덱\bj24511.cpp">
      <Filter>소스 파일</Filter>
    </ClCompile>
    <ClCompile Include="x64\20. 심화 2\bj1037.cpp">
      <Filter>소스 파일</Filter>
    </ClCompile>
    <ClCompile Include="x64\20. 심화 2\bj25192.cpp">
      <Filter>소스 파일</Filter>
    </ClCompile>
    <ClCompile Include="x64\20. 심화 2\bj26069.cpp">
      <Filter>소스 파일</Filter>
    </ClCompile>
    <ClCompile Include="x64\20. 심화 2\bj2108.cpp">
      <Filter>소스 파일</Filter>
    </ClCompile>
    <ClCompile Include="x64\20. 심화 2\bj20920.cpp">
      <Filter>소스 파일</Filter>
    </ClCompile>
    <ClCompile Include="x64\21. 재귀\bj27433.cpp">
      <Filter>소스 파일</Filter>
    </ClCompile>
    <ClCompile Include="x64\21. 재귀\bj10870.cpp">
      <Filter>소스 파일</Filter>
    </ClCompile>
    <ClCompile Include="x64\21. 재귀\bj25501.cpp">
      <Filter>소스 파일</Filter>
    </ClCompile>
    <ClCompile Include="x64\21. 재귀\bj25501-2.cpp">
      <Filter>소스 파일</Filter>
    </ClCompile>
    <ClCompile Include="x64\21. 재귀\bj24060-sudo.cpp">
      <Filter>소스 파일</Filter>
    </ClCompile>
    <ClCompile Include="x64\21. 재귀\bj24060.cpp">
      <Filter>소스 파일</Filter>
    </ClCompile>
    <ClCompile Include="x64\21. 재귀\bj4779.cpp">
      <Filter>소스 파일</Filter>
    </ClCompile>
    <ClCompile Include="x64\21. 재귀\bj2447-memoryboom.cpp">
      <Filter>소스 파일</Filter>
    </ClCompile>
    <ClCompile Include="x64\21. 재귀\bj2447-memoryboom2.cpp">
      <Filter>소스 파일</Filter>
    </ClCompile>
    <ClCompile Include="x64\21. 재귀\bj11729-timeover.cpp">
      <Filter>소스 파일</Filter>
    </ClCompile>
    <ClCompile Include="x64\21. 재귀\bj11729.cpp">
      <Filter>소스 파일</Filter>
    </ClCompile>
    <ClCompile Include="x64\22. 백트래킹\bj15649.cpp">
      <Filter>소스 파일</Filter>
    </ClCompile>
    <ClCompile Include="x64\22. 백트래킹\bj9663-timeover.cpp">
      <Filter>소스 파일</Filter>
    </ClCompile>
    <ClCompile Include="x64\22. 백트래킹\bj15651.cpp">
      <Filter>소스 파일</Filter>
    </ClCompile>
    <ClCompile Include="x64\22. 백트래킹\bj15652.cpp">
      <Filter>소스 파일</Filter>
    </ClCompile>
    <ClCompile Include="x64\22. 백트래킹\bj9663.cpp">
      <Filter>소스 파일</Filter>
    </ClCompile>
    <ClCompile Include="x64\22. 백트래킹\bj14888.cpp">
      <Filter>소스 파일</Filter>
    </ClCompile>
    <ClCompile Include="x64\22. 백트래킹\bj14889.cpp">
      <Filter>소스 파일</Filter>
    </ClCompile>
    <ClCompile Include="x64\22. 백트래킹\bj2580-timeover.cpp">
      <Filter>소스 파일</Filter>
    </ClCompile>
    <ClCompile Include="x64\22. 백트래킹\bj2580-2void.cpp">
      <Filter>소스 파일</Filter>
    </ClCompile>
    <ClCompile Include="x64\23. 동적 계획법 1\bj24416.cpp">
      <Filter>소스 파일</Filter>
    </ClCompile>
    <ClCompile Include="x64\23. 동적 계획법 1\bj9184.cpp">
      <Filter>소스 파일</Filter>
    </ClCompile>
    <ClCompile Include="x64\23. 동적 계획법 1\bj1904.cpp">
      <Filter>소스 파일</Filter>
    </ClCompile>
    <ClCompile Include="x64\23. 동적 계획법 1\bj9461.cpp">
      <Filter>소스 파일</Filter>
    </ClCompile>
    <ClCompile Include="x64\23. 동적 계획법 1\bj1912.cpp">
      <Filter>소스 파일</Filter>
    </ClCompile>
    <ClCompile Include="x64\guitar\bj1009.cpp">
      <Filter>소스 파일</Filter>
    </ClCompile>
    <ClCompile Include="x64\guitar\bj1032.cpp">
      <Filter>소스 파일</Filter>
    </ClCompile>
    <ClCompile Include="x64\guitar\bj9935.cpp">
      <Filter>소스 파일</Filter>
    </ClCompile>
    <ClCompile Include="x64\23. 동적 계획법 1\bj1149.cpp">
      <Filter>소스 파일</Filter>
    </ClCompile>
    <ClCompile Include="x64\23. 동적 계획법 1\bj1932.cpp">
      <Filter>소스 파일</Filter>
    </ClCompile>
    <ClCompile Include="x64\23. 동적 계획법 1\bj10844.cpp">
      <Filter>소스 파일</Filter>
    </ClCompile>
    <ClCompile Include="x64\guitar\bj1110.cpp">
      <Filter>소스 파일</Filter>
    </ClCompile>
    <ClCompile Include="x64\23. 동적 계획법 1\bj2579.cpp">
      <Filter>소스 파일</Filter>
    </ClCompile>
    <ClCompile Include="x64\23. 동적 계획법 1\bj1463.cpp">
      <Filter>소스 파일</Filter>
    </ClCompile>
    <ClCompile Include="x64\23. 동적 계획법 1\bj2156.cpp">
      <Filter>소스 파일</Filter>
    </ClCompile>
    <ClCompile Include="x64\23. 동적 계획법 1\bj11053.cpp">
      <Filter>소스 파일</Filter>
    </ClCompile>
    <ClCompile Include="x64\23. 동적 계획법 1\bj14002.cpp">
      <Filter>소스 파일</Filter>
    </ClCompile>
    <ClCompile Include="x64\23. 동적 계획법 1\bj11054.cpp">
      <Filter>소스 파일</Filter>
    </ClCompile>
    <ClCompile Include="x64\23. 동적 계획법 1\bj2565.cpp">
      <Filter>소스 파일</Filter>
    </ClCompile>
    <ClCompile Include="x64\24. 누적 합\bj11659.cpp">
      <Filter>소스 파일</Filter>
    </ClCompile>
    <ClCompile Include="x64\24. 누적 합\bj2559.cpp">
      <Filter>소스 파일</Filter>
    </ClCompile>
    <ClCompile Include="x64\24. 누적 합\bj16139.cpp">
      <Filter>소스 파일</Filter>
    </ClCompile>
    <ClCompile Include="x64\24. 누적 합\bj10986.cpp">
      <Filter>소스 파일</Filter>
    </ClCompile>
    <ClCompile Include="x64\24. 누적 합\bj11660.cpp">
      <Filter>소스 파일</Filter>
    </ClCompile>
    <ClCompile Include="x64\24. 누적 합\bj25682.cpp">
      <Filter>소스 파일</Filter>
    </ClCompile>
    <ClCompile Include="x64\25. 그리디 알고리즘\bj1931.cpp">
      <Filter>소스 파일</Filter>
    </ClCompile>
    <ClCompile Include="x64\25. 그리디 알고리즘\bj11399.cpp">
      <Filter>소스 파일</Filter>
    </ClCompile>
  </ItemGroup>
</Project>